{
  "name": "social-tree---instagram",
  "lockfileVersion": 3,
  "requires": true,
  "packages": {
    "": {
      "dependencies": {
        "csv-parser": "^3.2.0",
        "cytoscape": "^3.32.0"
      }
    },
    "node_modules/csv-parser": {
      "version": "3.2.0",
      "resolved": "https://registry.npmjs.org/csv-parser/-/csv-parser-3.2.0.tgz",
      "integrity": "sha512-fgKbp+AJbn1h2dcAHKIdKNSSjfp43BZZykXsCjzALjKy80VXQNHPFJ6T9Afwdzoj24aMkq8GwDS7KGcDPpejrA==",
      "license": "MIT",
      "bin": {
        "csv-parser": "bin/csv-parser"
      },
      "engines": {
        "node": ">= 10"
      }
    },
    "node_modules/cytoscape": {
      "version": "3.32.0",
      "resolved": "https://registry.npmjs.org/cytoscape/-/cytoscape-3.32.0.tgz",
      "integrity": "sha512-5JHBC9n75kz5851jeklCPmZWcg3hUe6sjqJvyk3+hVqFaKcHwHgxsjeN1yLmggoUc6STbtm9/NQyabQehfjvWQ==",
      "license": "MIT",
      "engines": {
        "node": ">=0.10"
      }
    }
  }
}
