{
  "name": "social-tree---instagram",
  "lockfileVersion": 3,
  "requires": true,
  "packages": {
    "": {
      "dependencies": {
        "cytoscape": "^3.32.0"
      }
    },
    "node_modules/cytoscape": {
      "version": "3.32.0",
      "resolved": "https://registry.npmjs.org/cytoscape/-/cytoscape-3.32.0.tgz",
      "integrity": "sha512-5JHBC9n75kz5851jeklCPmZWcg3hUe6sjqJvyk3+hVqFaKcHwHgxsjeN1yLmggoUc6STbtm9/NQyabQehfjvWQ==",
      "license": "MIT",
      "engines": {
        "node": ">=0.10"
      }
    }
  }
}
